{
  "name": "Javascript",
  "version": "1.0.0",
  "lockfileVersion": 1,
  "requires": true,
  "dependencies": {
    "@solidity-parser/parser": {
      "version": "0.13.2",
      "resolved": "https://registry.npmjs.org/@solidity-parser/parser/-/parser-0.13.2.tgz",
      "integrity": "sha512-RwHnpRnfrnD2MSPveYoPh8nhofEvX7fgjHk1Oq+NNvCcLx4r1js91CO9o+F/F3fBzOCyvm8kKRTriFICX/odWw==",
      "requires": {
        "antlr4ts": "^0.5.0-alpha.4"
      }
    },
    "antlr4ts": {
      "version": "0.5.0-alpha.4",
      "resolved": "https://registry.npmjs.org/antlr4ts/-/antlr4ts-0.5.0-alpha.4.tgz",
      "integrity": "sha512-WPQDt1B74OfPv/IMS2ekXAKkTZIHl88uMetg6q3OTqgFxZ/dxDXI0EWLyZid/1Pe6hTftyg5N7gel5wNAGxXyQ=="
    }
  }
}
